
Microsoft Visual Studio Solution File, Format Version 12.00
Project("{FAE04EC0-301F-11D3-BF4B-00C04F79EFBC}") = "Bitad2021", "Bitad2021\Bitad2021\Bitad2021.csproj", "{1161D1D4-C6CB-48A7-988C-29DA9E13DD56}"
EndProject
Project("{FAE04EC0-301F-11D3-BF4B-00C04F79EFBC}") = "Bitad2021.Android", "Bitad2021\Bitad2021.Android\Bitad2021.Android.csproj", "{5080ED58-AF5A-4DDB-B8C7-1EF83F444000}"
EndProject
Project("{FAE04EC0-301F-11D3-BF4B-00C04F79EFBC}") = "Bitad2021.iOS", "Bitad2021\Bitad2021.iOS\Bitad2021.iOS.csproj", "{02B82074-552A-41B3-AA7E-6CBD6ACA5D6E}"
EndProject
Project("{FAE04EC0-301F-11D3-BF4B-00C04F79EFBC}") = "Bitad2021.Tests", "Bitad2021\Bitad2021.Tests\Bitad2021.Tests.csproj", "{36E00169-DC24-47C2-959F-DB34E50FE911}"
EndProject
Global
	GlobalSection(SolutionConfigurationPlatforms) = preSolution
		Ad-Hoc|iPhone = Ad-Hoc|iPhone
		AppStore|iPhone = AppStore|iPhone
		Debug|Any CPU = Debug|Any CPU
		Debug|iPhone = Debug|iPhone
		Debug|iPhoneSimulator = Debug|iPhoneSimulator
		Release|Any CPU = Release|Any CPU
		Release|iPhone = Release|iPhone
		Release|iPhoneSimulator = Release|iPhoneSimulator
	EndGlobalSection
	GlobalSection(ProjectConfigurationPlatforms) = postSolution
		{1161D1D4-C6CB-48A7-988C-29DA9E13DD56}.Ad-Hoc|iPhone.ActiveCfg = Debug|Any CPU
		{1161D1D4-C6CB-48A7-988C-29DA9E13DD56}.Ad-Hoc|iPhone.Build.0 = Debug|Any CPU
		{1161D1D4-C6CB-48A7-988C-29DA9E13DD56}.AppStore|iPhone.ActiveCfg = Debug|Any CPU
		{1161D1D4-C6CB-48A7-988C-29DA9E13DD56}.AppStore|iPhone.Build.0 = Debug|Any CPU
		{1161D1D4-C6CB-48A7-988C-29DA9E13DD56}.Debug|Any CPU.ActiveCfg = Debug|Any CPU
		{1161D1D4-C6CB-48A7-988C-29DA9E13DD56}.Debug|Any CPU.Build.0 = Debug|Any CPU
		{1161D1D4-C6CB-48A7-988C-29DA9E13DD56}.Debug|iPhone.ActiveCfg = Debug|Any CPU
		{1161D1D4-C6CB-48A7-988C-29DA9E13DD56}.Debug|iPhone.Build.0 = Debug|Any CPU
		{1161D1D4-C6CB-48A7-988C-29DA9E13DD56}.Debug|iPhoneSimulator.ActiveCfg = Debug|Any CPU
		{1161D1D4-C6CB-48A7-988C-29DA9E13DD56}.Debug|iPhoneSimulator.Build.0 = Debug|Any CPU
		{1161D1D4-C6CB-48A7-988C-29DA9E13DD56}.Release|Any CPU.ActiveCfg = Release|Any CPU
		{1161D1D4-C6CB-48A7-988C-29DA9E13DD56}.Release|Any CPU.Build.0 = Release|Any CPU
		{1161D1D4-C6CB-48A7-988C-29DA9E13DD56}.Release|iPhone.ActiveCfg = Release|Any CPU
		{1161D1D4-C6CB-48A7-988C-29DA9E13DD56}.Release|iPhone.Build.0 = Release|Any CPU
		{1161D1D4-C6CB-48A7-988C-29DA9E13DD56}.Release|iPhoneSimulator.ActiveCfg = Release|Any CPU
		{1161D1D4-C6CB-48A7-988C-29DA9E13DD56}.Release|iPhoneSimulator.Build.0 = Release|Any CPU
		{5080ED58-AF5A-4DDB-B8C7-1EF83F444000}.Ad-Hoc|iPhone.ActiveCfg = Debug|Any CPU
		{5080ED58-AF5A-4DDB-B8C7-1EF83F444000}.Ad-Hoc|iPhone.Build.0 = Debug|Any CPU
		{5080ED58-AF5A-4DDB-B8C7-1EF83F444000}.Ad-Hoc|iPhone.Deploy.0 = Debug|Any CPU
		{5080ED58-AF5A-4DDB-B8C7-1EF83F444000}.AppStore|iPhone.ActiveCfg = Debug|Any CPU
		{5080ED58-AF5A-4DDB-B8C7-1EF83F444000}.AppStore|iPhone.Build.0 = Debug|Any CPU
		{5080ED58-AF5A-4DDB-B8C7-1EF83F444000}.AppStore|iPhone.Deploy.0 = Debug|Any CPU
		{5080ED58-AF5A-4DDB-B8C7-1EF83F444000}.Debug|Any CPU.ActiveCfg = Debug|Any CPU
		{5080ED58-AF5A-4DDB-B8C7-1EF83F444000}.Debug|Any CPU.Build.0 = Debug|Any CPU
		{5080ED58-AF5A-4DDB-B8C7-1EF83F444000}.Debug|Any CPU.Deploy.0 = Debug|Any CPU
		{5080ED58-AF5A-4DDB-B8C7-1EF83F444000}.Debug|iPhone.ActiveCfg = Debug|Any CPU
		{5080ED58-AF5A-4DDB-B8C7-1EF83F444000}.Debug|iPhone.Build.0 = Debug|Any CPU
		{5080ED58-AF5A-4DDB-B8C7-1EF83F444000}.Debug|iPhone.Deploy.0 = Debug|Any CPU
		{5080ED58-AF5A-4DDB-B8C7-1EF83F444000}.Debug|iPhoneSimulator.ActiveCfg = Debug|Any CPU
		{5080ED58-AF5A-4DDB-B8C7-1EF83F444000}.Debug|iPhoneSimulator.Build.0 = Debug|Any CPU
		{5080ED58-AF5A-4DDB-B8C7-1EF83F444000}.Debug|iPhoneSimulator.Deploy.0 = Debug|Any CPU
		{5080ED58-AF5A-4DDB-B8C7-1EF83F444000}.Release|Any CPU.ActiveCfg = Release|Any CPU
		{5080ED58-AF5A-4DDB-B8C7-1EF83F444000}.Release|Any CPU.Build.0 = Release|Any CPU
		{5080ED58-AF5A-4DDB-B8C7-1EF83F444000}.Release|Any CPU.Deploy.0 = Release|Any CPU
		{5080ED58-AF5A-4DDB-B8C7-1EF83F444000}.Release|iPhone.ActiveCfg = Release|Any CPU
		{5080ED58-AF5A-4DDB-B8C7-1EF83F444000}.Release|iPhone.Build.0 = Release|Any CPU
		{5080ED58-AF5A-4DDB-B8C7-1EF83F444000}.Release|iPhone.Deploy.0 = Release|Any CPU
		{5080ED58-AF5A-4DDB-B8C7-1EF83F444000}.Release|iPhoneSimulator.ActiveCfg = Release|Any CPU
		{5080ED58-AF5A-4DDB-B8C7-1EF83F444000}.Release|iPhoneSimulator.Build.0 = Release|Any CPU
		{5080ED58-AF5A-4DDB-B8C7-1EF83F444000}.Release|iPhoneSimulator.Deploy.0 = Release|Any CPU
		{02B82074-552A-41B3-AA7E-6CBD6ACA5D6E}.Ad-Hoc|iPhone.ActiveCfg = Ad-Hoc|iPhone
		{02B82074-552A-41B3-AA7E-6CBD6ACA5D6E}.Ad-Hoc|iPhone.Build.0 = Ad-Hoc|iPhone
		{02B82074-552A-41B3-AA7E-6CBD6ACA5D6E}.Ad-Hoc|iPhone.Deploy.0 = Ad-Hoc|iPhone
		{02B82074-552A-41B3-AA7E-6CBD6ACA5D6E}.AppStore|iPhone.ActiveCfg = AppStore|iPhone
		{02B82074-552A-41B3-AA7E-6CBD6ACA5D6E}.AppStore|iPhone.Build.0 = AppStore|iPhone
		{02B82074-552A-41B3-AA7E-6CBD6ACA5D6E}.AppStore|iPhone.Deploy.0 = AppStore|iPhone
		{02B82074-552A-41B3-AA7E-6CBD6ACA5D6E}.Debug|Any CPU.ActiveCfg = Debug|iPhoneSimulator
		{02B82074-552A-41B3-AA7E-6CBD6ACA5D6E}.Debug|Any CPU.Build.0 = Debug|iPhoneSimulator
		{02B82074-552A-41B3-AA7E-6CBD6ACA5D6E}.Debug|Any CPU.Deploy.0 = Debug|iPhoneSimulator
		{02B82074-552A-41B3-AA7E-6CBD6ACA5D6E}.Debug|iPhone.ActiveCfg = Debug|iPhone
		{02B82074-552A-41B3-AA7E-6CBD6ACA5D6E}.Debug|iPhone.Build.0 = Debug|iPhone
		{02B82074-552A-41B3-AA7E-6CBD6ACA5D6E}.Debug|iPhone.Deploy.0 = Debug|iPhone
		{02B82074-552A-41B3-AA7E-6CBD6ACA5D6E}.Debug|iPhoneSimulator.ActiveCfg = Debug|iPhoneSimulator
		{02B82074-552A-41B3-AA7E-6CBD6ACA5D6E}.Debug|iPhoneSimulator.Build.0 = Debug|iPhoneSimulator
		{02B82074-552A-41B3-AA7E-6CBD6ACA5D6E}.Debug|iPhoneSimulator.Deploy.0 = Debug|iPhoneSimulator
		{02B82074-552A-41B3-AA7E-6CBD6ACA5D6E}.Release|Any CPU.ActiveCfg = Release|iPhoneSimulator
		{02B82074-552A-41B3-AA7E-6CBD6ACA5D6E}.Release|Any CPU.Build.0 = Release|iPhoneSimulator
		{02B82074-552A-41B3-AA7E-6CBD6ACA5D6E}.Release|Any CPU.Deploy.0 = Release|iPhoneSimulator
		{02B82074-552A-41B3-AA7E-6CBD6ACA5D6E}.Release|iPhone.ActiveCfg = Release|iPhone
		{02B82074-552A-41B3-AA7E-6CBD6ACA5D6E}.Release|iPhone.Build.0 = Release|iPhone
		{02B82074-552A-41B3-AA7E-6CBD6ACA5D6E}.Release|iPhone.Deploy.0 = Release|iPhone
		{02B82074-552A-41B3-AA7E-6CBD6ACA5D6E}.Release|iPhoneSimulator.ActiveCfg = Release|iPhoneSimulator
		{02B82074-552A-41B3-AA7E-6CBD6ACA5D6E}.Release|iPhoneSimulator.Build.0 = Release|iPhoneSimulator
		{02B82074-552A-41B3-AA7E-6CBD6ACA5D6E}.Release|iPhoneSimulator.Deploy.0 = Release|iPhoneSimulator
		{36E00169-DC24-47C2-959F-DB34E50FE911}.Ad-Hoc|iPhone.ActiveCfg = Debug|Any CPU
		{36E00169-DC24-47C2-959F-DB34E50FE911}.Ad-Hoc|iPhone.Build.0 = Debug|Any CPU
		{36E00169-DC24-47C2-959F-DB34E50FE911}.AppStore|iPhone.ActiveCfg = Debug|Any CPU
		{36E00169-DC24-47C2-959F-DB34E50FE911}.AppStore|iPhone.Build.0 = Debug|Any CPU
		{36E00169-DC24-47C2-959F-DB34E50FE911}.Debug|Any CPU.ActiveCfg = Debug|Any CPU
		{36E00169-DC24-47C2-959F-DB34E50FE911}.Debug|Any CPU.Build.0 = Debug|Any CPU
		{36E00169-DC24-47C2-959F-DB34E50FE911}.Debug|iPhone.ActiveCfg = Debug|Any CPU
		{36E00169-DC24-47C2-959F-DB34E50FE911}.Debug|iPhone.Build.0 = Debug|Any CPU
		{36E00169-DC24-47C2-959F-DB34E50FE911}.Debug|iPhoneSimulator.ActiveCfg = Debug|Any CPU
		{36E00169-DC24-47C2-959F-DB34E50FE911}.Debug|iPhoneSimulator.Build.0 = Debug|Any CPU
		{36E00169-DC24-47C2-959F-DB34E50FE911}.Release|Any CPU.ActiveCfg = Release|Any CPU
		{36E00169-DC24-47C2-959F-DB34E50FE911}.Release|Any CPU.Build.0 = Release|Any CPU
		{36E00169-DC24-47C2-959F-DB34E50FE911}.Release|iPhone.ActiveCfg = Release|Any CPU
		{36E00169-DC24-47C2-959F-DB34E50FE911}.Release|iPhone.Build.0 = Release|Any CPU
		{36E00169-DC24-47C2-959F-DB34E50FE911}.Release|iPhoneSimulator.ActiveCfg = Release|Any CPU
		{36E00169-DC24-47C2-959F-DB34E50FE911}.Release|iPhoneSimulator.Build.0 = Release|Any CPU
	EndGlobalSection
EndGlobal
